
Microsoft Visual Studio Solution File, Format Version 12.00
# Visual Studio Version 17
VisualStudioVersion = 17.11.35222.181
MinimumVisualStudioVersion = 10.0.40219.1
Project("{FAE04EC0-301F-11D3-BF4B-00C04F79EFBC}") = "Project_SWP391", "Project_SWP391\Project_SWP391.csproj", "{8C1F93A7-0CF7-48E8-8B1D-7277C5984A09}"
EndProject
Global
	GlobalSection(SolutionConfigurationPlatforms) = preSolution
		Debug|Any CPU = Debug|Any CPU
		Release|Any CPU = Release|Any CPU
	EndGlobalSection
	GlobalSection(ProjectConfigurationPlatforms) = postSolution
		{8C1F93A7-0CF7-48E8-8B1D-7277C5984A09}.Debug|Any CPU.ActiveCfg = Debug|Any CPU
		{8C1F93A7-0CF7-48E8-8B1D-7277C5984A09}.Debug|Any CPU.Build.0 = Debug|Any CPU
		{8C1F93A7-0CF7-48E8-8B1D-7277C5984A09}.Release|Any CPU.ActiveCfg = Release|Any CPU
		{8C1F93A7-0CF7-48E8-8B1D-7277C5984A09}.Release|Any CPU.Build.0 = Release|Any CPU
	EndGlobalSection
	GlobalSection(SolutionProperties) = preSolution
		HideSolutionNode = FALSE
	EndGlobalSection
	GlobalSection(ExtensibilityGlobals) = postSolution
		SolutionGuid = {CF136C4C-D79D-4CFD-A48A-92D6CDB593DC}
	EndGlobalSection
EndGlobal
